// !$*UTF8*$!
{
	archiveVersion = 1;
	classes = {
	};
	objectVersion = 46;
	objects = {

/* Begin PBXBuildFile section */
		055E615123192AF5005A3170 /* AppDelegate.swift in Sources */ = {isa = PBXBuildFile; fileRef = 055E615023192AF5005A3170 /* AppDelegate.swift */; };
		055E615323192AF5005A3170 /* ViewController.swift in Sources */ = {isa = PBXBuildFile; fileRef = 055E615223192AF5005A3170 /* ViewController.swift */; };
		055E615623192AF5005A3170 /* Main.storyboard in Resources */ = {isa = PBXBuildFile; fileRef = 055E615423192AF5005A3170 /* Main.storyboard */; };
		055E615823192AF5005A3170 /* Assets.xcassets in Resources */ = {isa = PBXBuildFile; fileRef = 055E615723192AF5005A3170 /* Assets.xcassets */; };
		055E615B23192AF5005A3170 /* LaunchScreen.storyboard in Resources */ = {isa = PBXBuildFile; fileRef = 055E615923192AF5005A3170 /* LaunchScreen.storyboard */; };
/* End PBXBuildFile section */

/* Begin PBXFileReference section */
		055E614D23192AF5005A3170 /* RobotControlApp.app */ = {isa = PBXFileReference; explicitFileType = wrapper.application; includeInIndex = 0; path = RobotControlApp.app; sourceTree = BUILT_PRODUCTS_DIR; };
		055E615023192AF5005A3170 /* AppDelegate.swift */ = {isa = PBXFileReference; lastKnownFileType = sourcecode.swift; path = AppDelegate.swift; sourceTree = "<group>"; };
		055E615223192AF5005A3170 /* ViewController.swift */ = {isa = PBXFileReference; lastKnownFileType = sourcecode.swift; path = ViewController.swift; sourceTree = "<group>"; };
		055E615523192AF5005A3170 /* Base */ = {isa = PBXFileReference; lastKnownFileType = file.storyboard; name = Base; path = Base.lproj/Main.storyboard; sourceTree = "<group>"; };
		055E615723192AF5005A3170 /* Assets.xcassets */ = {isa = PBXFileReference; lastKnownFileType = folder.assetcatalog; path = Assets.xcassets; sourceTree = "<group>"; };
		055E615A23192AF5005A3170 /* Base */ = {isa = PBXFileReference; lastKnownFileType = file.storyboard; name = Base; path = Base.lproj/LaunchScreen.storyboard; sourceTree = "<group>"; };
		055E615C23192AF5005A3170 /* Info.plist */ = {isa = PBXFileReference; lastKnownFileType = text.plist.xml; path = Info.plist; sourceTree = "<group>"; };
/* End PBXFileReference section */

/* Begin PBXFrameworksBuildPhase section */
		055E614A23192AF5005A3170 /* Frameworks */ = {
			isa = PBXFrameworksBuildPhase;
			buildActionMask = 2147483647;
			files = (
			);
			runOnlyForDeploymentPostprocessing = 0;
		};
/* End PBXFrameworksBuildPhase section */

/* Begin PBXGroup section */
		055E614423192AF5005A3170 = {
			isa = PBXGroup;
			children = (
				055E614F23192AF5005A3170 /* RobotControlApp */,
				055E614E23192AF5005A3170 /* Products */,
			);
			sourceTree = "<group>";
		};
		055E614E23192AF5005A3170 /* Products */ = {
			isa = PBXGroup;
			children = (
				055E614D23192AF5005A3170 /* RobotControlApp.app */,
			);
			name = Products;
			sourceTree = "<group>";
		};
		055E614F23192AF5005A3170 /* RobotControlApp */ = {
			isa = PBXGroup;
			children = (
				055E616223192B36005A3170 /* Supporting Files */,
				055E615223192AF5005A3170 /* ViewController.swift */,
				055E615423192AF5005A3170 /* Main.storyboard */,
				055E615723192AF5005A3170 /* Assets.xcassets */,
			);
			path = RobotControlApp;
			sourceTree = "<group>";
		};
		055E616223192B36005A3170 /* Supporting Files */ = {
			isa = PBXGroup;
			children = (
				055E615023192AF5005A3170 /* AppDelegate.swift */,
				055E615923192AF5005A3170 /* LaunchScreen.storyboard */,
				055E615C23192AF5005A3170 /* Info.plist */,
			);
			name = "Supporting Files";
			sourceTree = "<group>";
		};
/* End PBXGroup section */

/* Begin PBXNativeTarget section */
		055E614C23192AF5005A3170 /* RobotControlApp */ = {
			isa = PBXNativeTarget;
			buildConfigurationList = 055E615F23192AF5005A3170 /* Build configuration list for PBXNativeTarget "RobotControlApp" */;
			buildPhases = (
				055E614923192AF5005A3170 /* Sources */,
				055E614A23192AF5005A3170 /* Frameworks */,
				055E614B23192AF5005A3170 /* Resources */,
			);
			buildRules = (
			);
			dependencies = (
			);
			name = RobotControlApp;
			productName = RobotControlApp;
			productReference = 055E614D23192AF5005A3170 /* RobotControlApp.app */;
			productType = "com.apple.product-type.application";
		};
/* End PBXNativeTarget section */

/* Begin PBXProject section */
		055E614523192AF5005A3170 /* Project object */ = {
			isa = PBXProject;
			attributes = {
				LastSwiftUpdateCheck = 0820;
				LastUpgradeCheck = 0820;
				ORGANIZATIONNAME = Felix;
				TargetAttributes = {
					055E614C23192AF5005A3170 = {
						CreatedOnToolsVersion = 8.2.1;
						ProvisioningStyle = Automatic;
					};
				};
			};
			buildConfigurationList = 055E614823192AF5005A3170 /* Build configuration list for PBXProject "RobotControlApp" */;
			compatibilityVersion = "Xcode 3.2";
			developmentRegion = English;
			hasScannedForEncodings = 0;
			knownRegions = (
				en,
				Base,
			);
			mainGroup = 055E614423192AF5005A3170;
			productRefGroup = 055E614E23192AF5005A3170 /* Products */;
			projectDirPath = "";
			projectRoot = "";
			targets = (
				055E614C23192AF5005A3170 /* RobotControlApp */,
			);
		};
/* End PBXProject section */

/* Begin PBXResourcesBuildPhase section */
		055E614B23192AF5005A3170 /* Resources */ = {
			isa = PBXResourcesBuildPhase;
			buildActionMask = 2147483647;
			files = (
				055E615B23192AF5005A3170 /* LaunchScreen.storyboard in Resources */,
				055E615823192AF5005A3170 /* Assets.xcassets in Resources */,
				055E615623192AF5005A3170 /* Main.storyboard in Resources */,
			);
			runOnlyForDeploymentPostprocessing = 0;
		};
/* End PBXResourcesBuildPhase section */

/* Begin PBXSourcesBuildPhase section */
		055E614923192AF5005A3170 /* Sources */ = {
			isa = PBXSourcesBuildPhase;
			buildActionMask = 2147483647;
			files = (
				055E615323192AF5005A3170 /* ViewController.swift in Sources */,
				055E615123192AF5005A3170 /* AppDelegate.swift in Sources */,
			);
			runOnlyForDeploymentPostprocessing = 0;
		};
/* End PBXSourcesBuildPhase section */

/* Begin PBXVariantGroup section */
		055E615423192AF5005A3170 /* Main.storyboard */ = {
			isa = PBXVariantGroup;
			children = (
				055E615523192AF5005A3170 /* Base */,
			);
			name = Main.storyboard;
			sourceTree = "<group>";
		};
		055E615923192AF5005A3170 /* LaunchScreen.storyboard */ = {
			isa = PBXVariantGroup;
			children = (
				055E615A23192AF5005A3170 /* Base */,
			);
			name = LaunchScreen.storyboard;
			sourceTree = "<group>";
		};
/* End PBXVariantGroup section */

/* Begin XCBuildConfiguration section */
		055E615D23192AF5005A3170 /* Debug */ = {
			isa = XCBuildConfiguration;
			buildSettings = {
				ALWAYS_SEARCH_USER_PATHS = NO;
				CLANG_ANALYZER_NONNULL = YES;
				CLANG_CXX_LANGUAGE_STANDARD = "gnu++0x";
				CLANG_CXX_LIBRARY = "libc++";
				CLANG_ENABLE_MODULES = YES;
				CLANG_ENABLE_OBJC_ARC = YES;
				CLANG_WARN_BOOL_CONVERSION = YES;
				CLANG_WARN_CONSTANT_CONVERSION = YES;
				CLANG_WARN_DIRECT_OBJC_ISA_USAGE = YES_ERROR;
				CLANG_WARN_DOCUMENTATION_COMMENTS = YES;
				CLANG_WARN_EMPTY_BODY = YES;
				CLANG_WARN_ENUM_CONVERSION = YES;
				CLANG_WARN_INFINITE_RECURSION = YES;
				CLANG_WARN_INT_CONVERSION = YES;
				CLANG_WARN_OBJC_ROOT_CLASS = YES_ERROR;
				CLANG_WARN_SUSPICIOUS_MOVE = YES;
				CLANG_WARN_UNREACHABLE_CODE = YES;
				CLANG_WARN__DUPLICATE_METHOD_MATCH = YES;
				"CODE_SIGN_IDENTITY[sdk=iphoneos*]" = "iPhone Developer";
				COPY_PHASE_STRIP = NO;
				DEBUG_INFORMATION_FORMAT = dwarf;
				ENABLE_STRICT_OBJC_MSGSEND = YES;
				ENABLE_TESTABILITY = YES;
				GCC_C_LANGUAGE_STANDARD = gnu99;
				GCC_DYNAMIC_NO_PIC = NO;
				GCC_NO_COMMON_BLOCKS = YES;
				GCC_OPTIMIZATION_LEVEL = 0;
				GCC_PREPROCESSOR_DEFINITIONS = (
					"DEBUG=1",
					"$(inherited)",
				);
				GCC_WARN_64_TO_32_BIT_CONVERSION = YES;
				GCC_WARN_ABOUT_RETURN_TYPE = YES_ERROR;
				GCC_WARN_UNDECLARED_SELECTOR = YES;
				GCC_WARN_UNINITIALIZED_AUTOS = YES_AGGRESSIVE;
				GCC_WARN_UNUSED_FUNCTION = YES;
				GCC_WARN_UNUSED_VARIABLE = YES;
				IPHONEOS_DEPLOYMENT_TARGET = 10.2;
				MTL_ENABLE_DEBUG_INFO = YES;
				ONLY_ACTIVE_ARCH = YES;
				SDKROOT = iphoneos;
				SWIFT_ACTIVE_COMPILATION_CONDITIONS = DEBUG;
				SWIFT_OPTIMIZATION_LEVEL = "-Onone";
				TARGETED_DEVICE_FAMILY = "1,2";
			};
			name = Debug;
		};
		055E615E23192AF5005A3170 /* Release */ = {
			isa = XCBuildConfiguration;
			buildSettings = {
				ALWAYS_SEARCH_USER_PATHS = NO;
				CLANG_ANALYZER_NONNULL = YES;
				CLANG_CXX_LANGUAGE_STANDARD = "gnu++0x";
				CLANG_CXX_LIBRARY = "libc++";
				CLANG_ENABLE_MODULES = YES;
				CLANG_ENABLE_OBJC_ARC = YES;
				CLANG_WARN_BOOL_CONVERSION = YES;
				CLANG_WARN_CONSTANT_CONVERSION = YES;
				CLANG_WARN_DIRECT_OBJC_ISA_USAGE = YES_ERROR;
				CLANG_WARN_DOCUMENTATION_COMMENTS = YES;
				CLANG_WARN_EMPTY_BODY = YES;
				CLANG_WARN_ENUM_CONVERSION = YES;
				CLANG_WARN_INFINITE_RECURSION = YES;
				CLANG_WARN_INT_CONVERSION = YES;
				CLANG_WARN_OBJC_ROOT_CLASS = YES_ERROR;
				CLANG_WARN_SUSPICIOUS_MOVE = YES;
				CLANG_WARN_UNREACHABLE_CODE = YES;
				CLANG_WARN__DUPLICATE_METHOD_MATCH = YES;
				"CODE_SIGN_IDENTITY[sdk=iphoneos*]" = "iPhone Developer";
				COPY_PHASE_STRIP = NO;
				DEBUG_INFORMATION_FORMAT = "dwarf-with-dsym";
				ENABLE_NS_ASSERTIONS = NO;
				ENABLE_STRICT_OBJC_MSGSEND = YES;
				GCC_C_LANGUAGE_STANDARD = gnu99;
				GCC_NO_COMMON_BLOCKS = YES;
				GCC_WARN_64_TO_32_BIT_CONVERSION = YES;
				GCC_WARN_ABOUT_RETURN_TYPE = YES_ERROR;
				GCC_WARN_UNDECLARED_SELECTOR = YES;
				GCC_WARN_UNINITIALIZED_AUTOS = YES_AGGRESSIVE;
				GCC_WARN_UNUSED_FUNCTION = YES;
				GCC_WARN_UNUSED_VARIABLE = YES;
				IPHONEOS_DEPLOYMENT_TARGET = 10.2;
				MTL_ENABLE_DEBUG_INFO = NO;
				SDKROOT = iphoneos;
				SWIFT_OPTIMIZATION_LEVEL = "-Owholemodule";
				TARGETED_DEVICE_FAMILY = "1,2";
				VALIDATE_PRODUCT = YES;
			};
			name = Release;
		};
		055E616023192AF5005A3170 /* Debug */ = {
			isa = XCBuildConfiguration;
			buildSettings = {
				ASSETCATALOG_COMPILER_APPICON_NAME = AppIcon;
				INFOPLIST_FILE = RobotControlApp/Info.plist;
				LD_RUNPATH_SEARCH_PATHS = "$(inherited) @executable_path/Frameworks";
				PRODUCT_BUNDLE_IDENTIFIER = edu.dlut.felix.RobotControlApp;
				PRODUCT_NAME = "$(TARGET_NAME)";
				SWIFT_VERSION = 3.0;
			};
			name = Debug;
		};
		055E616123192AF5005A3170 /* Release */ = {
			isa = XCBuildConfiguration;
			buildSettings = {
				ASSETCATALOG_COMPILER_APPICON_NAME = AppIcon;
				INFOPLIST_FILE = RobotControlApp/Info.plist;
				LD_RUNPATH_SEARCH_PATHS = "$(inherited) @executable_path/Frameworks";
				PRODUCT_BUNDLE_IDENTIFIER = edu.dlut.felix.RobotControlApp;
				PRODUCT_NAME = "$(TARGET_NAME)";
				SWIFT_VERSION = 3.0;
			};
			name = Release;
		};
/* End XCBuildConfiguration section */

/* Begin XCConfigurationList section */
		055E614823192AF5005A3170 /* Build configuration list for PBXProject "RobotControlApp" */ = {
			isa = XCConfigurationList;
			buildConfigurations = (
				055E615D23192AF5005A3170 /* Debug */,
				055E615E23192AF5005A3170 /* Release */,
			);
			defaultConfigurationIsVisible = 0;
			defaultConfigurationName = Release;
		};
		055E615F23192AF5005A3170 /* Build configuration list for PBXNativeTarget "RobotControlApp" */ = {
			isa = XCConfigurationList;
			buildConfigurations = (
				055E616023192AF5005A3170 /* Debug */,
				055E616123192AF5005A3170 /* Release */,
			);
			defaultConfigurationIsVisible = 0;
		};
/* End XCConfigurationList section */
	};
	rootObject = 055E614523192AF5005A3170 /* Project object */;
}
